{
  "users": [
    {
      "id": "1",
      "username": "Ana",
      "email": "ana.tise@yahoo.com",
      "password": "12345"
    }
  ],
  "recipes": [
    {
      "id": "2",
      "title": "Spaghetti Carbonara",
      "description": "A classic Italian pasta dish",
      "ingredients": [
        "spaghetti",
        "eggs",
        "pancetta",
        "parmesan"
      ],
      "instructions": "Boil the pasta in salted water until al dente, then drain and set aside. In a separate pan, cook the pancetta until crispy. Whisk together the eggs and grated parmesan in a bowl. Add the hot pasta to the pancetta pan, remove from heat, and stir in the egg mixture quickly to create a creamy sauce.",
      "difficulty": "Medium",
      "cookingTime": 30,
      "category": "Pasta",
      "image": "/images/carbonara.jpg"
    },
    {
      "id": "3",
      "title": "Chocolate Cake",
      "description": "Rich chocolate cake with creamy frosting",
      "ingredients": [
        "flour",
        "sugar",
        "cocoa",
        "eggs",
        "butter"
      ],
      "instructions": "Preheat the oven to 180°C. In a large bowl, mix the dry ingredients and then add the wet ones to form a smooth batter. Pour the batter into a greased baking pan and bake until a toothpick inserted in the center comes out clean. Let it cool before frosting.",
      "difficulty": "Hard",
      "cookingTime": 45,
      "category": "Dessert",
      "image": "/images/chocolate-cake.jpg"
    },
    {
      "id": "4",
      "title": "Caesar Salad",
      "description": "Fresh salad with crispy croutons",
      "ingredients": [
        "lettuce",
        "croutons",
        "parmesan",
        "chicken",
        "dressing"
      ],
      "instructions": "In a large salad bowl, combine fresh lettuce, crispy croutons, grilled chicken, grated parmesan, and Caesar dressing. Toss everything well to coat evenly and serve immediately, chilled.",
      "difficulty": "Easy",
      "cookingTime": 15,
      "category": "Lunch",
      "image": "/images/caesar-salad.jpg"
    },
    {
      "id": "5",
      "title": "Beef Stew",
      "description": "Hearty beef stew with vegetables",
      "ingredients": [
        "beef",
        "carrots",
        "potatoes",
        "onion",
        "stock"
      ],
      "instructions": "In a large pot, brown the beef until seared on all sides. Add chopped carrots, potatoes, and onions. Pour in beef stock, bring to a boil, then reduce heat and let simmer for about 2 hours until the meat is tender and flavors are rich.",
      "difficulty": "Medium",
      "cookingTime": 120,
      "category": "Dinner",
      "image": "/images/beef-stew.jpg"
    },
    {
      "id": "6",
      "title": "Grilled Cheese Sandwich",
      "description": "Crispy sandwich with melted cheese",
      "ingredients": [
        "bread",
        "cheese",
        "butter"
      ],
      "instructions": "Butter the outer sides of the bread slices. Place cheese between the slices to form a sandwich. Heat a pan over medium heat and grill the sandwich on both sides until the bread is golden brown and the cheese has melted.",
      "difficulty": "Easy",
      "cookingTime": 10,
      "category": "Snack",
      "image": "/images/grilled-sandwich.jpg"
    },
    {
      "id": "7",
      "title": "Tuna Salad",
      "description": "Simple and healthy tuna salad",
      "ingredients": [
        "tuna",
        "lettuce",
        "corn",
        "olive oil",
        "lemon"
      ],
      "instructions": "Drain the tuna and place it in a bowl. Add chopped lettuce, corn, a drizzle of olive oil, and a splash of fresh lemon juice. Mix everything gently and serve chilled.",
      "difficulty": "Easy",
      "cookingTime": 10,
      "category": "Lunch",
      "image": "/images/tuna-salad.jpg"
    },
    {
      "id": "8",
      "title": "Mini Ham & Cheese Croissants",
      "description": "Flaky and golden puff pastry croissants filled with smoked ham and melted cheese.",
      "ingredients": [
        "puff pastry",
        "ham",
        "cheese",
        "egg",
        "sesame seeds"
      ],
      "instructions": "Cut puff pastry into triangles, add ham and cheese, roll into croissants, brush with egg, sprinkle sesame seeds, and bake at 200°c (392°f) for 15 minutes..",
      "difficulty": "Easy",
      "cookingTime": 20,
      "category": "Snack",
      "image": "/images/mini-croissants.jpg"
    },
    {
      "id": "9",
      "title": "Pasta Bolognese",
      "description": "Traditional Italian pasta with rich meat sauce",
      "ingredients": [
        "spaghetti",
        "ground beef",
        "tomato sauce",
        "onion",
        "garlic",
        "carrot",
        "celery"
      ],
      "instructions": "Cook beef and vegetables, add tomato sauce, simmer 45 min. Serve over spaghetti..",
      "difficulty": "Medium",
      "cookingTime": 60,
      "category": "Pasta",
      "image": "/images/bolognese.jpg"
    },
    {
      "id": "10",
      "title": "Tomato Soup",
      "description": "Creamy tomato soup with herbs",
      "ingredients": [
        "tomatoes",
        "onion",
        "garlic",
        "cream"
      ],
      "instructions": "Simmer and blend until smooth..",
      "difficulty": "Easy",
      "cookingTime": 25,
      "category": "Soup",
      "image": "/images/tomato-soup.jpg"
    },
    {
      "id": "11",
      "title": "Margherita Pizza",
      "description": "Classic pizza with tomato and mozzarella",
      "ingredients": [
        "dough",
        "tomato",
        "mozzarella",
        "basil"
      ],
      "instructions": "Bake at 220°c for 15 minutes..",
      "difficulty": "Medium",
      "cookingTime": 20,
      "category": "Dinner",
      "image": "/images/pizza.jpg"
    },
    {
      "id": "12",
      "title": "Pancakes",
      "description": "Fluffy pancakes with syrup",
      "ingredients": [
        "flour",
        "milk",
        "eggs",
        "baking powder"
      ],
      "instructions": "Cook on hot griddle until golden..",
      "difficulty": "Easy",
      "cookingTime": 15,
      "category": "Breakfast",
      "image": "/images/pancakes.jpg"
    },
    {
      "id": "13",
      "title": "Sushi Rolls",
      "description": "Homemade sushi with rice and fish",
      "ingredients": [
        "rice",
        "nori",
        "fish",
        "vegetables"
      ],
      "instructions": "Roll and slice with sharp knife..",
      "difficulty": "Hard",
      "cookingTime": 60,
      "category": "Dinner",
      "image": "/images/sushi.jpg"
    },
    {
      "id": "14",
      "title": "French Toast",
      "description": "Sweet breakfast toast",
      "ingredients": [
        "bread",
        "eggs",
        "milk",
        "cinnamon"
      ],
      "instructions": "Dip and fry slices until golden..",
      "difficulty": "Easy",
      "cookingTime": 10,
      "category": "Breakfast",
      "image": "/images/french-toast.jpg"
    },
    {
      "id": "15",
      "title": "Greek Salad",
      "description": "Fresh veggies with feta and olives",
      "ingredients": [
        "tomato",
        "cucumber",
        "feta",
        "olives",
        "onion"
      ],
      "instructions": "Mix and serve with olive oil..",
      "difficulty": "Easy",
      "cookingTime": 10,
      "category": "Lunch",
      "image": "/images/greek-salad.jpg"
    },
    {
      "id": "16",
      "title": "Lentil Soup",
      "description": "Hearty soup with lentils and vegetables",
      "ingredients": [
        "lentils",
        "carrot",
        "celery",
        "onion",
        "stock"
      ],
      "instructions": "Simmer until lentils are tender..",
      "difficulty": "Medium",
      "cookingTime": 50,
      "category": "Soup",
      "image": "/images/lentil-soup.jpg"
    },
    {
      "id": "17",
      "title": "Baked Salmon",
      "description": "Oven-baked salmon with lemon",
      "ingredients": [
        "salmon",
        "lemon",
        "herbs",
        "olive oil"
      ],
      "instructions": "Bake at 180°c for 20 minutes..",
      "difficulty": "Medium",
      "cookingTime": 25,
      "category": "Dinner",
      "image": "/images/salmon.jpg"
    },
    {
      "id": "18",
      "title": "Veggie Stir Fry",
      "description": "Quick stir fry with mixed vegetables",
      "ingredients": [
        "broccoli",
        "carrots",
        "peppers",
        "soy sauce"
      ],
      "instructions": "Stir fry in wok for 10 minutes..",
      "difficulty": "Easy",
      "cookingTime": 15,
      "category": "Dinner",
      "image": "/images/veggie-fry.jpg"
    },
    {
      "id": "19",
      "title": "Apple Pie",
      "description": "Classic apple dessert with cinnamon",
      "ingredients": [
        "apples",
        "sugar",
        "cinnamon",
        "flour",
        "butter"
      ],
      "instructions": "Bake at 190°c for 50 minutes..",
      "difficulty": "Hard",
      "cookingTime": 60,
      "category": "Dessert",
      "image": "/images/apple-pie.jpg"
    },
    {
      "id": "20",
      "title": "Stuffed Peppers",
      "description": "Bell peppers stuffed with rice and meat",
      "ingredients": [
        "peppers",
        "rice",
        "minced meat",
        "tomato"
      ],
      "instructions": "Bake covered for 40 minutes..",
      "difficulty": "Medium",
      "cookingTime": 45,
      "category": "Dinner",
      "image": "/images/stuffed-peppers.jpg"
    },
    {
      "id": "21",
      "title": "Smoothie Bowl",
      "description": "Colorful fruit smoothie with toppings",
      "ingredients": [
        "banana",
        "berries",
        "yogurt",
        "granola"
      ],
      "instructions": "Blend and top with fruit & granola..",
      "difficulty": "Easy",
      "cookingTime": 5,
      "category": "Breakfast",
      "image": "/images/smoothie-bowl.jpg"
    },
    {
      "id": "22",
      "title": "Egg Fried Rice",
      "description": "Quick and tasty fried rice with eggs",
      "ingredients": [
        "rice",
        "eggs",
        "soy sauce",
        "green onion"
      ],
      "instructions": "Stir fry all ingredients until heated through..",
      "difficulty": "Easy",
      "cookingTime": 15,
      "category": "Lunch",
      "image": "/images/egg-rice.jpg"
    },
    {
      "id": "23",
      "title": "Lasagna",
      "description": "Layered pasta with meat and cheese",
      "ingredients": [
        "lasagna noodles",
        "ground beef",
        "ricotta",
        "tomato sauce",
        "mozzarella"
      ],
      "instructions": "Layer and bake at 180°c for 45 minutes..",
      "difficulty": "Hard",
      "cookingTime": 60,
      "category": "Dinner",
      "image": "/images/lasagna.jpg"
    },
    {
      "id": "24",
      "title": "Focaccia with Tomatoes & Olives",
      "description": "Classic Italian focaccia topped with cherry tomatoes, black olives, olive oil, and herbs.",
      "ingredients": [
        "flour",
        "yeast",
        "olive oil",
        "water",
        "salt",
        "rosemary",
        "cherry tomatoes",
        "black olives"
      ],
      "instructions": "Mix and knead dough, let rise, press into pan. Top with olive oil, cherry tomatoes, olives, rosemary, and sea salt. Bake at 220°c for 25 minutes..",
      "difficulty": "Medium",
      "cookingTime": 90,
      "category": "Snack",
      "image": "/images/foccacia.jpg"
    },
    {
      "id": "25",
      "title": "Chili Con Carne",
      "description": "Spicy stew with meat and beans",
      "ingredients": [
        "ground beef",
        "beans",
        "tomato",
        "onion",
        "chili"
      ],
      "instructions": "Simmer all ingredients for 1 hour..",
      "difficulty": "Medium",
      "cookingTime": 60,
      "category": "Dinner",
      "image": "/images/chili-con-carne.jpg"
    },
    {
      "id": "26",
      "title": "Quiche Lorraine",
      "description": "Savory pie with cheese and bacon",
      "ingredients": [
        "eggs",
        "cream",
        "bacon",
        "cheese",
        "pastry"
      ],
      "instructions": "Bake at 180°c for 35 minutes..",
      "difficulty": "Medium",
      "cookingTime": 40,
      "category": "Breakfast",
      "image": "/images/quiche-lorraine.jpg"
    },
    {
      "id": "27",
      "title": "Fajitas",
      "description": "Grilled meat and vegetables in tortillas",
      "ingredients": [
        "chicken",
        "peppers",
        "onion",
        "tortillas",
        "spices"
      ],
      "instructions": "Cook meat and veggies, serve in tortillas..",
      "difficulty": "Medium",
      "cookingTime": 30,
      "category": "Dinner",
      "image": "/images/fajitas.jpg"
    },
    {
      "id": "28",
      "title": "Seafood Pasta",
      "description": "A rich seafood pasta with linguine, shrimp, and mussels in white wine and garlic sauce.",
      "ingredients": [
        "linguine",
        "shrimp",
        "mussels",
        "garlic",
        "olive oil",
        "white wine",
        "parsley",
        "chili flakes"
      ],
      "instructions": "Cook mussels and shrimp in olive oil, garlic, and white wine. Add cooked linguine and toss with parsley and chili flakes..",
      "difficulty": "Hard",
      "cookingTime": 35,
      "category": "Dinner",
      "image": "/images/seafood-pasta.jpg"
    },
    {
      "id": "29",
      "title": "Blueberry Muffins",
      "description": "Moist muffins bursting with fresh blueberries.",
      "ingredients": [
        "flour",
        "sugar",
        "baking powder",
        "milk",
        "eggs",
        "butter",
        "blueberries"
      ],
      "instructions": "Mix dry and wet ingredients separately, then combine and fold in blueberries. Bake at 180°c for 20 minutes..",
      "difficulty": "Easy",
      "cookingTime": 25,
      "category": "Dessert",
      "image": "/images/muffins.jpg"
    },
    {
      "id": "30",
      "title": "Stuffed Mushrooms",
      "description": "Mushrooms filled with cheese and herbs",
      "ingredients": [
        "mushrooms",
        "cream cheese",
        "garlic",
        "parsley"
      ],
      "instructions": "Bake filled mushrooms at 180°c for 15 minutes..",
      "difficulty": "Easy",
      "cookingTime": 20,
      "category": "Snack",
      "image": "/images/stuffed-mushrooms.jpg"
    },
    {
      "id": "31",
      "title": "Chicken Alfredo",
      "description": "Creamy pasta with chicken",
      "ingredients": [
        "fettuccine",
        "chicken",
        "cream",
        "parmesan"
      ],
      "instructions": "Boil the pasta in salted water until al dente, then drain and set aside. In a separate pan, cook the pancetta until crispy. Whisk together the eggs and grated parmesan in a bowl. Add the hot pasta to the pancetta pan, remove from heat, and stir in the egg mixture quickly to create a creamy sauce.",
      "difficulty": "Medium",
      "cookingTime": 35,
      "category": "Pasta",
      "image": "/images/chicken-alfredo.jpg"
    },
    {
      "id": "32",
      "title": "Strawberry Cheesecake",
      "description": "Creamy cheesecake with a fresh strawberry topping.",
      "ingredients": [
        "cream cheese",
        "sugar",
        "eggs",
        "strawberries",
        "graham crackers",
        "butter"
      ],
      "instructions": "In a large bowl, whisk together the flour, baking powder, and sugar. In a separate bowl, combine the eggs, milk, and melted butter. Slowly pour the wet ingredients into the dry mixture while stirring continuously. Fold in the blueberries gently. Line a muffin tin with paper liners, spoon the batter into the cups, and bake at 180°C for 20–25 minutes or until golden brown and a toothpick comes out clean. Let them cool before serving.",
      "difficulty": "Medium",
      "cookingTime": 90,
      "category": "Dessert",
      "image": "images/strawberry-cheesecake.jpg"
    },
    {
      "id": "33",
      "title": "Banana Bread",
      "description": "Moist and delicious banana bread.",
      "ingredients": [
        "bananas",
        "flour",
        "sugar",
        "eggs",
        "butter",
        "baking soda"
      ],
      "instructions": "Preheat the oven to 200°C. Wash and trim the mushrooms, removing the stems. In a bowl, mix the cream cheese with finely chopped garlic and parsley. Spoon the filling into each mushroom cap generously. Arrange them on a baking tray and bake for 15–18 minutes until golden and bubbling. Garnish with extra parsley and serve warm.",
      "difficulty": "Easy",
      "cookingTime": 60,
      "category": "Dessert",
      "image": "images/banana-bread.jpg"
    },
    {
      "id": "34",
      "title": "Lemon Bars",
      "description": "Tangy lemon filling over a buttery shortbread crust.",
      "ingredients": [
        "flour",
        "sugar",
        "butter",
        "eggs",
        "lemon juice",
        "lemon zest"
      ],
      "instructions": "Cook the fettuccine in salted boiling water until al dente. In a pan, sauté chicken pieces in olive oil until browned and fully cooked. Add heavy cream and grated parmesan cheese, stirring until the sauce thickens. Combine the drained pasta with the sauce and toss gently. Serve hot with a sprinkle of freshly cracked black pepper.",
      "difficulty": "Medium",
      "cookingTime": 45,
      "category": "Dessert",
      "image": "images/lemon-bars.jpg"
    },
    {
      "id": "35",
      "title": "Homemade Vanilla Ice Cream",
      "description": "Classic creamy vanilla ice cream made at home.",
      "ingredients": [
        "milk",
        "cream",
        "sugar",
        "vanilla extract",
        "egg yolks"
      ],
      "instructions": "In a medium saucepan, bring the milk to a gentle simmer. Whisk in sugar, cocoa powder, and cornstarch until smooth. Stir continuously until the mixture thickens into a creamy pudding consistency. Remove from heat and stir in vanilla extract. Pour into small bowls and refrigerate for at least 2 hours. Top with whipped cream or shaved chocolate before serving.",
      "difficulty": "Hard",
      "cookingTime": 120,
      "category": "Dessert",
      "image": "images/ice-cream.jpg"
    },
    {
      "id": "36",
      "title": "Chocolate Chip Cookies",
      "description": "Soft and chewy cookies with chocolate chips.",
      "ingredients": [
        "flour",
        "sugar",
        "brown sugar",
        "butter",
        "eggs",
        "chocolate chips",
        "baking soda"
      ],
      "instructions": "In a blender, combine frozen bananas, strawberries, yogurt, and a splash of milk. Blend until smooth and creamy. Pour into a bowl and top with sliced fruits, granola, chia seeds, and a drizzle of honey. Serve immediately for a refreshing and nutritious breakfast.",
      "difficulty": "Easy",
      "cookingTime": 25,
      "category": "Dessert",
      "image": "images/cookies.jpg"
    },
    {
      "id": "37",
      "title": "Peanut Butter Brownies",
      "description": "Rich brownies with a swirl of peanut butter.",
      "ingredients": [
        "cocoa",
        "flour",
        "sugar",
        "butter",
        "eggs",
        "peanut butter"
      ],
      "instructions": "Preheat the oven to 190°C. Roll out the cookie dough and cut into shapes using your favorite cookie cutters. Place the cookies on a baking tray lined with parchment paper. Bake for 8–10 minutes or until the edges are golden. Let them cool completely before decorating with icing or sprinkles.",
      "difficulty": "Medium",
      "cookingTime": 40,
      "category": "Dessert",
      "image": "images/peanut-butter-brownies.jpg"
    },
    {
      "id": "38",
      "title": "Carrot Muffins",
      "description": "Healthy and tasty carrot muffins.",
      "ingredients": [
        "carrots",
        "flour",
        "sugar",
        "eggs",
        "oil",
        "baking powder",
        "cinnamon"
      ],
      "instructions": "Boil the pasta in salted water until al dente. Meanwhile, cook diced zucchini and bell peppers in a large skillet with olive oil until tender. Add cooked pasta to the vegetables and toss with pesto sauce. Garnish with grated parmesan and fresh basil before serving.",
      "difficulty": "Easy",
      "cookingTime": 30,
      "category": "Dessert",
      "image": "images/carrot-muffins.jpg"
    },
    {
      "id": "39",
      "title": "Nutella Crepes",
      "description": "Thin crepes filled with Nutella spread.",
      "ingredients": [
        "flour",
        "milk",
        "eggs",
        "butter",
        "Nutella"
      ],
      "instructions": "Whisk the eggs with salt and pepper. In a nonstick pan, cook the eggs gently, stirring with a spatula until they are soft and fluffy. Add cheese and allow it to melt slightly before folding. Serve warm with a side of toast or fresh vegetables.",
      "difficulty": "Medium",
      "cookingTime": 20,
      "category": "Dessert",
      "image": "images/nutella-crepes.jpg"
    },
    {
      "id": "40",
      "title": "Raspberry Parfait",
      "description": "Layered dessert with raspberries and cream.",
      "ingredients": [
        "raspberries",
        "yogurt",
        "granola",
        "honey"
      ],
      "instructions": "In a food processor, blend frozen mango chunks, yogurt, honey, and a splash of lime juice until smooth and creamy. Transfer to a container and freeze for 2–3 hours. Scoop into bowls and serve as a refreshing treat on hot days.",
      "difficulty": "Easy",
      "cookingTime": 10,
      "category": "Dessert",
      "image": "images/raspberry-parfait.jpg"
    },
    {
      "id": "41",
      "title": "Tiramisu",
      "description": "Classic Italian dessert with coffee and mascarpone.",
      "ingredients": [
        "ladyfingers",
        "coffee",
        "mascarpone",
        "eggs",
        "sugar",
        "cocoa powder"
      ],
      "instructions": "Spread tomato sauce over pre-baked mini pizza crusts. Add slices of fresh mozzarella, pepperoni, and your favorite toppings. Bake in a preheated oven at 220°C for 12–15 minutes or until the cheese is bubbly and slightly golden. Garnish with basil before serving.",
      "difficulty": "Hard",
      "cookingTime": 180,
      "category": "Dessert",
      "image": "images/tiramisu.jpg"
    },
    {
      "id": "42",
      "title": "Creamy Chicken Pasta Bake",
      "description": "Hearty pasta bake with chicken, cheese, and cream sauce.",
      "ingredients": [
        "penne",
        "chicken",
        "cream",
        "cheddar",
        "onion",
        "garlic"
      ],
      "instructions": "Cook penne in salted water until al dente. In a skillet, sauté chopped onion and garlic until fragrant. Add diced chicken and cook until golden. Stir in cream and half the cheddar, then mix with the pasta. Pour into a baking dish, top with remaining cheese, and bake at 180°C for 20–25 minutes until bubbly and golden.",
      "difficulty": "Medium",
      "cookingTime": 45,
      "category": "Pasta",
      "image": "images/chicken-pasta-dish.jpg"
    },
    {
      "id": "43",
      "title": "Beef and Potato Casserole",
      "description": "Comforting casserole with ground beef, potatoes, and cheese.",
      "ingredients": [
        "ground beef",
        "potatoes",
        "onion",
        "cheddar",
        "milk",
        "butter"
      ],
      "instructions": "Brown ground beef with chopped onions in a skillet. In a saucepan, make a white sauce with butter, flour, and milk. In a greased baking dish, layer thinly sliced potatoes, beef, and sauce. Top with shredded cheddar and bake at 190°C for 45–50 minutes until golden and tender.",
      "difficulty": "Medium",
      "cookingTime": 60,
      "category": "Dinner",
      "image": "images/beef-potato-dish.jpg"
    },
    {
      "id": "44",
      "title": "Spinach and Feta Puffs",
      "description": "Savory pastry bites with spinach and feta.",
      "ingredients": [
        "puff pastry",
        "spinach",
        "feta",
        "egg"
      ],
      "instructions": "Soak chia seeds in milk and a splash of vanilla extract overnight in the fridge. In the morning, stir and layer the pudding in a glass with fresh fruit and granola. Serve chilled for a healthy and satisfying breakfast or snack.",
      "difficulty": "Medium",
      "cookingTime": 25,
      "category": "Snack",
      "image": "images/spinach-puffs.jpg"
    },
    {
      "id": "45",
      "title": "Creamy Potato and Bacon Soup",
      "description": "Rich and comforting soup made with potatoes, crispy bacon, and cream.",
      "ingredients": [
        "potatoes",
        "bacon",
        "onion",
        "garlic",
        "cream",
        "vegetable broth",
        "butter"
      ],
      "instructions": "Peel and dice the potatoes. In a large pot, cook chopped bacon until crispy, then remove and set aside. In the same pot, sauté chopped onion and garlic in the bacon fat and butter until soft. Add the potatoes and broth, bring to a boil, then simmer until the potatoes are tender. Blend part of the soup for a creamy texture, then stir in the cream and cooked bacon. Season with salt and pepper and serve hot.",
      "difficulty": "Easy",
      "cookingTime": 40,
      "category": "Soup",
      "image": "images/potato-soup.jpg"
    },
    {
      "id": "46",
      "title": "Honey Garlic Chicken Thighs",
      "description": "Tender chicken thighs glazed with a sweet and savory sauce.",
      "ingredients": [
        "chicken thighs",
        "honey",
        "garlic",
        "soy sauce",
        "olive oil",
        "ginger"
      ],
      "instructions": "Mix honey, soy sauce, minced garlic, and ginger. Marinate chicken thighs in the mixture for 30 minutes. Sear in a hot skillet with oil until golden, then bake at 200°C for 25–30 minutes until cooked through and caramelized. Baste with extra sauce and serve hot.",
      "difficulty": "Medium",
      "cookingTime": 45,
      "category": "Dinner",
      "image": "images/honey-garlic-chicken-thighs.jpg"
    },
    {
      "id": "47",
      "title": "Broccoli Cheddar Soup",
      "description": "Creamy soup with fresh broccoli and melted cheddar cheese.",
      "ingredients": [
        "broccoli",
        "onion",
        "garlic",
        "vegetable broth",
        "cream",
        "cheddar"
      ],
      "instructions": "Sauté chopped onion and garlic. Add chopped broccoli and broth. Simmer until tender, then blend partially for a creamy texture. Stir in cream and cheddar cheese until melted. Season and serve warm.",
      "difficulty": "Easy",
      "cookingTime": 35,
      "category": "Soup",
      "image": "/images/broccoli-soup.jpg"
    },
    {
      "id": "48",
      "title": "Baked Ziti with Ricotta",
      "description": "Cheesy baked pasta with ricotta and tomato sauce.",
      "ingredients": [
        "ziti",
        "ricotta",
        "mozzarella",
        "parmesan",
        "tomato sauce",
        "basil"
      ],
      "instructions": "Cook ziti until al dente. Mix with tomato sauce and ricotta cheese. Transfer to a baking dish, top with mozzarella and parmesan. Bake at 190°C for 25–30 minutes until bubbly and golden. Garnish with fresh basil before serving.",
      "difficulty": "Medium",
      "cookingTime": 40,
      "category": "Pasta",
      "image": "/images/baked-ziti.jpg"
    },
    {
      "id": "49",
      "title": "Spicy Sausage and Rice Casserole",
      "description": "Flavorful one-dish meal with sausage, rice, and peppers.",
      "ingredients": [
        "sausage",
        "rice",
        "bell peppers",
        "onion",
        "tomato",
        "spices"
      ],
      "instructions": "Cook sliced sausage until browned. Sauté chopped onions and peppers. Stir in rice, diced tomatoes, and spices. Add broth and bring to a boil. Cover and simmer until rice is cooked and liquid is absorbed. Fluff and serve hot.",
      "difficulty": "Medium",
      "cookingTime": 50,
      "category": "Dinner",
      "image": "/images/sausage-rice.jpg"
    },
    {
      "id": "50",
      "title": "Cucumber Bites with Cream Cheese and Salmon",
      "description": "Refreshing cucumber snacks topped with cream cheese and smoked salmon.",
      "ingredients": [
        "cucumber",
        "cream cheese",
        "smoked salmon",
        "dill",
        "lemon juice"
      ],
      "instructions": "Cut cucumber into thick slices and scoop out a small portion of the center. Mix cream cheese with a touch of lemon juice and chopped dill. Pipe or spoon the cheese mixture into the cucumber cups, then top with a small piece of smoked salmon. Garnish with extra dill and chill before serving as an elegant appetizer.",
      "difficulty": "Easy",
      "cookingTime": 10,
      "category": "Snack",
      "image": "images/cucumber-bites.jpg"
    },
    {
      "id": "51",
      "title": "Cheesy Vegetable Casserole",
      "description": "Baked mix of vegetables topped with golden melted cheese.",
      "ingredients": [
        "broccoli",
        "cauliflower",
        "carrots",
        "cream",
        "cheddar",
        "breadcrumbs"
      ],
      "instructions": "Blanch vegetables until just tender. In a bowl, mix with cream and shredded cheddar. Pour into a baking dish, top with breadcrumbs and extra cheese. Bake at 180°C for 25–30 minutes until golden and bubbly.",
      "difficulty": "Easy",
      "cookingTime": 40,
      "category": "Dinner",
      "image": "/images/vegetable-casserole.jpg"
    }
  ]
}